Microsoft Visual Studio Solution File, Format Version 12.00
# Visual Studio Version 16
VisualStudioVersion = 16.0.31005.135
MinimumVisualStudioVersion = 10.0.40219.1
Project("{FAE04EC0-301F-11D3-BF4B-00C04F79EFBC}") = "GalaxyWatch_HomeAssistant_Controller", "GalaxyWatch_HomeAssistant_Controller\GalaxyWatch_HomeAssistant_Controller.csproj", "{ae6f833f-fbcc-479e-914f-804454f5cedb}"
EndProject
Global
	GlobalSection(SolutionConfigurationPlatforms) = preSolution
		Debug|Any CPU = Debug|Any CPU
		Release|Any CPU = Release|Any CPU
	EndGlobalSection
	GlobalSection(ProjectConfigurationPlatforms) = postSolution
		{ae6f833f-fbcc-479e-914f-804454f5cedb}.Debug|Any CPU.ActiveCfg = Debug|Any CPU
		{ae6f833f-fbcc-479e-914f-804454f5cedb}.Debug|Any CPU.Build.0 = Debug|Any CPU
		{ae6f833f-fbcc-479e-914f-804454f5cedb}.Release|Any CPU.ActiveCfg = Release|Any CPU
		{ae6f833f-fbcc-479e-914f-804454f5cedb}.Release|Any CPU.Build.0 = Release|Any CPU

	EndGlobalSection
	GlobalSection(SolutionProperties) = preSolution
		HideSolutionNode = FALSE
	EndGlobalSection
EndGlobal
